
Microsoft Visual Studio Solution File, Format Version 12.00
Project("{FAE04EC0-301F-11D3-BF4B-00C04F79EFBC}") = "Incremental.Common.Messages", "Incremental.Common.Messages\Incremental.Common.Messages.csproj", "{5C13D4B0-4012-46CF-B606-FBD0FD8E280B}"
EndProject
Global
	GlobalSection(SolutionConfigurationPlatforms) = preSolution
		Debug|Any CPU = Debug|Any CPU
		Release|Any CPU = Release|Any CPU
	EndGlobalSection
	GlobalSection(ProjectConfigurationPlatforms) = postSolution
		{5C13D4B0-4012-46CF-B606-FBD0FD8E280B}.Debug|Any CPU.ActiveCfg = Debug|Any CPU
		{5C13D4B0-4012-46CF-B606-FBD0FD8E280B}.Debug|Any CPU.Build.0 = Debug|Any CPU
		{5C13D4B0-4012-46CF-B606-FBD0FD8E280B}.Release|Any CPU.ActiveCfg = Release|Any CPU
		{5C13D4B0-4012-46CF-B606-FBD0FD8E280B}.Release|Any CPU.Build.0 = Release|Any CPU
	EndGlobalSection
EndGlobal
